
Microsoft Visual Studio Solution File, Format Version 12.00
# Visual Studio Version 16
VisualStudioVersion = 16.0.30711.63
MinimumVisualStudioVersion = 10.0.40219.1
Project("{FAE04EC0-301F-11D3-BF4B-00C04F79EFBC}") = "Zadatak3", "Zadatak3\Zadatak3.csproj", "{F9278D1D-9CCA-40E3-B4CC-D4C76DCDEE42}"
EndProject
Global
	GlobalSection(SolutionConfigurationPlatforms) = preSolution
		Debug|Any CPU = Debug|Any CPU
		Release|Any CPU = Release|Any CPU
	EndGlobalSection
	GlobalSection(ProjectConfigurationPlatforms) = postSolution
		{F9278D1D-9CCA-40E3-B4CC-D4C76DCDEE42}.Debug|Any CPU.ActiveCfg = Debug|Any CPU
		{F9278D1D-9CCA-40E3-B4CC-D4C76DCDEE42}.Debug|Any CPU.Build.0 = Debug|Any CPU
		{F9278D1D-9CCA-40E3-B4CC-D4C76DCDEE42}.Release|Any CPU.ActiveCfg = Release|Any CPU
		{F9278D1D-9CCA-40E3-B4CC-D4C76DCDEE42}.Release|Any CPU.Build.0 = Release|Any CPU
	EndGlobalSection
	GlobalSection(SolutionProperties) = preSolution
		HideSolutionNode = FALSE
	EndGlobalSection
	GlobalSection(ExtensibilityGlobals) = postSolution
		SolutionGuid = {41CA0163-2E1F-4443-AFA4-C2EDC97717C1}
	EndGlobalSection
EndGlobal
